
Microsoft Visual Studio Solution File, Format Version 12.00
# Visual Studio Version 17
VisualStudioVersion = 17.3.32929.385
MinimumVisualStudioVersion = 10.0.40219.1
Project("{FAE04EC0-301F-11D3-BF4B-00C04F79EFBC}") = "TestAPI", "TestApi\TestAPI.csproj", "{DF69362E-4DD2-41D5-AA78-34FE0665B824}"
EndProject
Global
	GlobalSection(SolutionConfigurationPlatforms) = preSolution
		Debug|Any CPU = Debug|Any CPU
		Release|Any CPU = Release|Any CPU
	EndGlobalSection
	GlobalSection(ProjectConfigurationPlatforms) = postSolution
		{DF69362E-4DD2-41D5-AA78-34FE0665B824}.Debug|Any CPU.ActiveCfg = Debug|Any CPU
		{DF69362E-4DD2-41D5-AA78-34FE0665B824}.Debug|Any CPU.Build.0 = Debug|Any CPU
		{DF69362E-4DD2-41D5-AA78-34FE0665B824}.Release|Any CPU.ActiveCfg = Release|Any CPU
		{DF69362E-4DD2-41D5-AA78-34FE0665B824}.Release|Any CPU.Build.0 = Release|Any CPU
	EndGlobalSection
	GlobalSection(SolutionProperties) = preSolution
		HideSolutionNode = FALSE
	EndGlobalSection
	GlobalSection(ExtensibilityGlobals) = postSolution
		SolutionGuid = {DBD34D7E-61F2-4F08-BED2-D6C99E9EBE09}
	EndGlobalSection
EndGlobal
